<?xml version="1.0" encoding="utf-8"?>
<Project ToolsVersion="4.0" xmlns="http://schemas.microsoft.com/developer/msbuild/2003">
  <ItemGroup>
    <Filter Include="include">
      <UniqueIdentifier>{93995380-89BD-4b04-88EB-625FBE52EBFB}</UniqueIdentifier>
      <Extensions>h;hh;hpp;hxx;hm;inl;inc;xsd</Extensions>
    </Filter>
    <Filter Include="cpp">
      <UniqueIdentifier>{4FC737F1-C7A5-4376-A066-2A32D752A2FF}</UniqueIdentifier>
      <Extensions>cpp;c;cc;cxx;def;odl;idl;hpj;bat;asm;asmx</Extensions>
    </Filter>
    <Filter Include="cpp\utils">
      <UniqueIdentifier>{53cc8591-29a1-4809-ac8d-5a45650127a5}</UniqueIdentifier>
    </Filter>
    <Filter Include="include\utils">
      <UniqueIdentifier>{68da24e1-c2b1-402d-be2e-bf60ffba967a}</UniqueIdentifier>
    </Filter>
  </ItemGroup>
  <ItemGroup>
    <ClCompile Include="cpp\utils\functions.cpp">
      <Filter>cpp\utils</Filter>
    </ClCompile>
    <ClCompile Include="cpp\utils\OMV.cpp">
      <Filter>cpp\utils</Filter>
    </ClCompile>
    <ClCompile Include="cpp\utils\UpdateService.cpp">
      <Filter>cpp\utils</Filter>
    </ClCompile>
    <ClCompile Include="main.cpp">
      <Filter>cpp</Filter>
    </ClCompile>
    <ClCompile Include="cpp\VDevice.cpp">
      <Filter>cpp</Filter>
    </ClCompile>
    <ClCompile Include="cpp\VProbe.cpp">
      <Filter>cpp</Filter>
    </ClCompile>
  </ItemGroup>
  <ItemGroup>
    <ClInclude Include="include\config.h">
      <Filter>include</Filter>
    </ClInclude>
    <ClInclude Include="include\utils\OMV.h">
      <Filter>include\utils</Filter>
    </ClInclude>
    <ClInclude Include="include\utils\functions.h">
      <Filter>include\utils</Filter>
    </ClInclude>
    <ClInclude Include="include\utils\UpdateService.h">
      <Filter>include\utils</Filter>
    </ClInclude>
    <ClInclude Include="include\VDevice.h">
      <Filter>include</Filter>
    </ClInclude>
    <ClInclude Include="include\VProbe.h">
      <Filter>include</Filter>
    </ClInclude>
  </ItemGroup>
</Project>